
Microsoft Visual Studio Solution File, Format Version 12.00
# Visual Studio 15
VisualStudioVersion = 15.0.27130.2026
MinimumVisualStudioVersion = 10.0.40219.1
Project("{FAE04EC0-301F-11D3-BF4B-00C04F79EFBC}") = "csv-merge", "csv-merge.csproj", "{C74F38DB-E6A8-4EF0-A30A-F8C89DE10DE2}"
EndProject
Global
	GlobalSection(SolutionConfigurationPlatforms) = preSolution
		Debug|Any CPU = Debug|Any CPU
		Release|Any CPU = Release|Any CPU
	EndGlobalSection
	GlobalSection(ProjectConfigurationPlatforms) = postSolution
		{C74F38DB-E6A8-4EF0-A30A-F8C89DE10DE2}.Debug|Any CPU.ActiveCfg = Debug|Any CPU
		{C74F38DB-E6A8-4EF0-A30A-F8C89DE10DE2}.Debug|Any CPU.Build.0 = Debug|Any CPU
		{C74F38DB-E6A8-4EF0-A30A-F8C89DE10DE2}.Release|Any CPU.ActiveCfg = Release|Any CPU
		{C74F38DB-E6A8-4EF0-A30A-F8C89DE10DE2}.Release|Any CPU.Build.0 = Release|Any CPU
	EndGlobalSection
	GlobalSection(SolutionProperties) = preSolution
		HideSolutionNode = FALSE
	EndGlobalSection
	GlobalSection(ExtensibilityGlobals) = postSolution
		SolutionGuid = {7CAB9AF5-F234-4A1F-9AC9-5EA1A0F97131}
	EndGlobalSection
EndGlobal
